{
  "name": "MMM-PublicTransportBerlin",
  "version": "1.2.5",
  "lockfileVersion": 1,
  "requires": true,
  "dependencies": {
    "@mapbox/polyline": {
      "version": "1.0.0",
      "resolved": "https://registry.npmjs.org/@mapbox/polyline/-/polyline-1.0.0.tgz",
      "integrity": "sha512-5Vu99e/+kVF0h0eiWa3er3bYnjorq6SGTn06HqeinFAETlQpcHGj7+DanmFlNyXkgvRcKi0nQytuMm6QA2CkAQ=="
    },
    "br2nl": {
      "version": "1.0.0",
      "resolved": "https://registry.npmjs.org/br2nl/-/br2nl-1.0.0.tgz",
      "integrity": "sha512-xD7Q1fFqEHTJ4SSCMigJs+hgb2B0tsuV2Wu0OwuPiemf2JSydvt/m6LMHFDYbF/jNWNeO6CQLn5/dFeKArHQSw=="
    },
    "capture-stack-trace": {
      "version": "1.0.0",
      "resolved": "https://registry.npmjs.org/capture-stack-trace/-/capture-stack-trace-1.0.0.tgz",
      "integrity": "sha1-Sm+gc5nCa7pH8LJJa00PtAjFVQ0="
    },
    "cipher-base": {
      "version": "1.0.4",
      "resolved": "https://registry.npmjs.org/cipher-base/-/cipher-base-1.0.4.tgz",
      "integrity": "sha512-Kkht5ye6ZGmwv40uUDZztayT2ThLQGfnj/T71N/XzeZeo3nf8foyW7zGTsPYkEya3m5f3cAypH+qe7YOrM1U2Q==",
      "requires": {
        "inherits": "2.0.3",
        "safe-buffer": "5.1.2"
      }
    },
    "create-hash": {
      "version": "1.2.0",
      "resolved": "https://registry.npmjs.org/create-hash/-/create-hash-1.2.0.tgz",
      "integrity": "sha512-z00bCGNHDG8mHAkP7CtT1qVu+bFQUPjYq/4Iv3C3kWjTFV10zIjfSoeqXo9Asws8gwSHDGj/hl2u4OGIjapeCg==",
      "requires": {
        "cipher-base": "1.0.4",
        "inherits": "2.0.3",
        "md5.js": "1.3.4",
        "ripemd160": "2.0.2",
        "sha.js": "2.4.11"
      }
    },
    "decode-uri-component": {
      "version": "0.2.0",
      "resolved": "https://registry.npmjs.org/decode-uri-component/-/decode-uri-component-0.2.0.tgz",
      "integrity": "sha1-6zkTMzRYd1y4TNGh+uBiEGu4dUU="
    },
    "gps-distance": {
      "version": "0.0.4",
      "resolved": "https://registry.npmjs.org/gps-distance/-/gps-distance-0.0.4.tgz",
      "integrity": "sha1-8LSoFyxmj97AZSkaSZm5YfGRbRA="
    },
    "hafas-client": {
      "version": "3.1.0",
      "resolved": "https://registry.npmjs.org/hafas-client/-/hafas-client-3.1.0.tgz",
      "integrity": "sha512-unUsMvUcv/JYu7txLdtvJVS+sEjLlOMBrsZvzLn0e+ZhWJr7bCQlyFi6BQfTtjm2QDaxv2zjK3nxQbX2ud45kQ==",
      "requires": {
        "@mapbox/polyline": "1.0.0",
        "br2nl": "1.0.0",
        "capture-stack-trace": "1.0.0",
        "create-hash": "1.2.0",
        "fetch-ponyfill": "6.0.2",
        "gps-distance": "0.0.4",
        "lodash": "4.17.10",
        "luxon": "1.3.3",
        "p-throttle": "1.1.0",
        "pinkie-promise": "2.0.1",
        "query-string": "6.1.0",
        "slugg": "1.2.1",
        "vbb-parse-line": "0.3.1",
        "vbb-parse-ticket": "0.2.1",
        "vbb-short-station-name": "1.0.1",
        "vbb-stations": "6.6.0",
        "vbb-translate-ids": "3.1.0"
      },
      "dependencies": {
        "fetch-ponyfill": {
          "version": "6.0.2",
          "resolved": "https://registry.npmjs.org/fetch-ponyfill/-/fetch-ponyfill-6.0.2.tgz",
          "integrity": "sha512-hBWVb6Z0chjr9r0g4N5uknldAnyFstWTnX6oFxMsL9ZlSL7fa66Keis3y4SCMgpTggY4GeGbB4z3z5g5SmrgkQ==",
          "requires": {
            "node-fetch": "2.1.2"
          }
        },
        "node-fetch": {
          "version": "2.1.2",
          "resolved": "https://registry.npmjs.org/node-fetch/-/node-fetch-2.1.2.tgz",
          "integrity": "sha1-q4hOjn5X44qUR1POxwb3iNF2i7U="
        }
      }
    },
    "hash-base": {
      "version": "3.0.4",
      "resolved": "https://registry.npmjs.org/hash-base/-/hash-base-3.0.4.tgz",
      "integrity": "sha1-X8hoaEfs1zSZQDMZprCj8/auSRg=",
      "requires": {
        "inherits": "2.0.3",
        "safe-buffer": "5.1.2"
      }
    },
    "inherits": {
      "version": "2.0.3",
      "resolved": "https://registry.npmjs.org/inherits/-/inherits-2.0.3.tgz",
      "integrity": "sha1-Yzwsg+PaQqUC9SRmAiSA9CCCYd4="
    },
    "lodash": {
      "version": "4.17.10",
      "resolved": "https://registry.npmjs.org/lodash/-/lodash-4.17.10.tgz",
      "integrity": "sha512-UejweD1pDoXu+AD825lWwp4ZGtSwgnpZxb3JDViD7StjQz+Nb/6l093lx4OQ0foGWNRoc19mWy7BzL+UAK2iVg=="
    },
    "lodash.get": {
      "version": "4.4.2",
      "resolved": "https://registry.npmjs.org/lodash.get/-/lodash.get-4.4.2.tgz",
      "integrity": "sha1-LRd/ZS+jHpObRDjVNBSZ36OCXpk="
    },
    "luxon": {
      "version": "1.3.3",
      "resolved": "https://registry.npmjs.org/luxon/-/luxon-1.3.3.tgz",
      "integrity": "sha512-3CM0jpS3mbHwWoPYprX1/Zsd5esni0LkhMfSiSY6xQ3/M3pnct3OPWbWkQdEEl9MO9593k6PvDn1DhxCkpuZEw=="
    },
    "md5.js": {
      "version": "1.3.4",
      "resolved": "https://registry.npmjs.org/md5.js/-/md5.js-1.3.4.tgz",
      "integrity": "sha1-6b296UogpawYsENA/Fdk1bCdkB0=",
      "requires": {
        "hash-base": "3.0.4",
        "inherits": "2.0.3"
      }
    },
    "p-throttle": {
      "version": "1.1.0",
      "resolved": "https://registry.npmjs.org/p-throttle/-/p-throttle-1.1.0.tgz",
      "integrity": "sha1-3QgiJH/8d2eox7sRhvzGMv6lcHU="
    },
    "pinkie": {
      "version": "2.0.4",
      "resolved": "https://registry.npmjs.org/pinkie/-/pinkie-2.0.4.tgz",
      "integrity": "sha1-clVrgM+g1IqXToDnckjoDtT3+HA="
    },
    "pinkie-promise": {
      "version": "2.0.1",
      "resolved": "https://registry.npmjs.org/pinkie-promise/-/pinkie-promise-2.0.1.tgz",
      "integrity": "sha1-ITXW36ejWMBprJsXh3YogihFD/o=",
      "requires": {
        "pinkie": "2.0.4"
      }
    },
    "query-string": {
      "version": "6.1.0",
      "resolved": "https://registry.npmjs.org/query-string/-/query-string-6.1.0.tgz",
      "integrity": "sha512-pNB/Gr8SA8ff8KpUFM36o/WFAlthgaThka5bV19AD9PNTH20Pwq5Zxodif2YyHwrctp6SkL4GqlOot0qR/wGaw==",
      "requires": {
        "decode-uri-component": "0.2.0",
        "strict-uri-encode": "2.0.0"
      }
    },
    "ripemd160": {
      "version": "2.0.2",
      "resolved": "https://registry.npmjs.org/ripemd160/-/ripemd160-2.0.2.tgz",
      "integrity": "sha512-ii4iagi25WusVoiC4B4lq7pbXfAp3D9v5CwfkY33vffw2+pkDjY1D8GaN7spsxvCSx8dkPqOZCEZyfxcmJG2IA==",
      "requires": {
        "hash-base": "3.0.4",
        "inherits": "2.0.3"
      }
    },
    "safe-buffer": {
      "version": "5.1.2",
      "resolved": "https://registry.npmjs.org/safe-buffer/-/safe-buffer-5.1.2.tgz",
      "integrity": "sha512-Gd2UZBJDkXlY7GbJxfsE8/nvKkUEU1G38c1siN6QP6a9PT9MmHB8GnpscSmMJSoF8LOIrt8ud/wPtojys4G6+g=="
    },
    "sha.js": {
      "version": "2.4.11",
      "resolved": "https://registry.npmjs.org/sha.js/-/sha.js-2.4.11.tgz",
      "integrity": "sha512-QMEp5B7cftE7APOjk5Y6xgrbWu+WkLVQwk8JNjZ8nKRciZaByEW6MubieAiToS7+dwvrjGhH8jRXz3MVd0AYqQ==",
      "requires": {
        "inherits": "2.0.3",
        "safe-buffer": "5.1.2"
      }
    },
    "slugg": {
      "version": "1.2.1",
      "resolved": "https://registry.npmjs.org/slugg/-/slugg-1.2.1.tgz",
      "integrity": "sha1-51KvIkGvPycURjxd4iXOpHYIdAo="
    },
    "strict-uri-encode": {
      "version": "2.0.0",
      "resolved": "https://registry.npmjs.org/strict-uri-encode/-/strict-uri-encode-2.0.0.tgz",
      "integrity": "sha1-ucczDHBChi9rFC3CdLvMWGbONUY="
    },
    "vbb-parse-line": {
      "version": "0.3.1",
      "resolved": "https://registry.npmjs.org/vbb-parse-line/-/vbb-parse-line-0.3.1.tgz",
      "integrity": "sha512-H3JgRlnBant5q6B4dkFWzvWpLcXsMydnfuo9DB1PS0PSmV4qgYdrj3aKLty1nChtoykBagv51QFR46JCR+fTcw=="
    },
    "vbb-parse-ticket": {
      "version": "0.2.1",
      "resolved": "https://registry.npmjs.org/vbb-parse-ticket/-/vbb-parse-ticket-0.2.1.tgz",
      "integrity": "sha512-Di1/AOrKGrGTBfdrZZXSCmq73E/RVuGys12BAFraHu5Swwj/TTXfvV8FrnHifCHEMoZIfLmH4avnF7xVa+46Sw=="
    },
    "vbb-short-station-name": {
      "version": "1.0.1",
      "resolved": "https://registry.npmjs.org/vbb-short-station-name/-/vbb-short-station-name-1.0.1.tgz",
      "integrity": "sha512-3pAW9RtwqTeQvTABYRJVkBNmbxkCBxrQyALNRkG+owiZUgt4yT3aH2ln25TV0EzEqZzgjVjcK1RwOyL/MMYz5w=="
    },
    "vbb-stations": {
      "version": "6.6.0",
      "resolved": "https://registry.npmjs.org/vbb-stations/-/vbb-stations-6.6.0.tgz",
      "integrity": "sha512-oQSP6zxWVxYcxp+g8gQj8Jyrqt7qkFjY8NrgqntkyHr0Th9mlapjd5u5xwDns89ywLP0qiHfrZOU07mr5+GfQw==",
      "requires": {
        "lodash.get": "4.4.2"
      }
    },
    "vbb-translate-ids": {
      "version": "3.1.0",
      "resolved": "https://registry.npmjs.org/vbb-translate-ids/-/vbb-translate-ids-3.1.0.tgz",
      "integrity": "sha512-5APLiY9foEeKQfUXBSz0sasTOrReTuua4uMhENdVzMWvcyuQI61Q+RBITFXhdeALz5+W0/67MoO4IhxAVSuJ/w=="
    }
  }
}
