{
  "name": "MMM-PublicTransportBerlin",
  "version": "1.5.1",
  "lockfileVersion": 1,
  "requires": true,
  "dependencies": {
    "@derhuerst/br2nl": {
      "version": "1.0.0",
      "resolved": "https://registry.npmjs.org/@derhuerst/br2nl/-/br2nl-1.0.0.tgz",
      "integrity": "sha512-aGzqSMKM9eqHd9orDSe7yOvekRM9EMt9Jbc9vAG+a3jbn50WOTThVQX20c75yk0WBmu+6A5hdHGRM49dlp0I9w=="
    },
    "@types/retry": {
      "version": "0.12.0",
      "resolved": "https://registry.npmjs.org/@types/retry/-/retry-0.12.0.tgz",
      "integrity": "sha512-wWKOClTTiizcZhXnPY4wikVAwmdYHp8q6DmC+EJUzAMsycb7HB32Kh9RN4+0gExjmPmZSAQjgURXIGATPegAvA=="
    },
    "capture-stack-trace": {
      "version": "1.0.1",
      "resolved": "https://registry.npmjs.org/capture-stack-trace/-/capture-stack-trace-1.0.1.tgz",
      "integrity": "sha512-mYQLZnx5Qt1JgB1WEiMCf2647plpGeQ2NMR/5L0HNZzGQo4fuSPnK+wjfPnKZV0aiJDgzmWqqkV/g7JD+DW0qw=="
    },
    "cipher-base": {
      "version": "1.0.4",
      "resolved": "https://registry.npmjs.org/cipher-base/-/cipher-base-1.0.4.tgz",
      "integrity": "sha512-Kkht5ye6ZGmwv40uUDZztayT2ThLQGfnj/T71N/XzeZeo3nf8foyW7zGTsPYkEya3m5f3cAypH+qe7YOrM1U2Q==",
      "requires": {
        "inherits": "^2.0.1",
        "safe-buffer": "^5.0.1"
      }
    },
    "create-hash": {
      "version": "1.2.0",
      "resolved": "https://registry.npmjs.org/create-hash/-/create-hash-1.2.0.tgz",
      "integrity": "sha512-z00bCGNHDG8mHAkP7CtT1qVu+bFQUPjYq/4Iv3C3kWjTFV10zIjfSoeqXo9Asws8gwSHDGj/hl2u4OGIjapeCg==",
      "requires": {
        "cipher-base": "^1.0.1",
        "inherits": "^2.0.1",
        "md5.js": "^1.3.4",
        "ripemd160": "^2.0.1",
        "sha.js": "^2.4.0"
      }
    },
    "fetch-ponyfill": {
      "version": "6.1.1",
      "resolved": "https://registry.npmjs.org/fetch-ponyfill/-/fetch-ponyfill-6.1.1.tgz",
      "integrity": "sha512-rWLgTr5A44/XhvCQPYj0X9Tc+cjUaHofSM4lcwjc9MavD5lkjIhJ+h8JQlavPlTIgDpwhuRozaIykBvX9ItaSA==",
      "requires": {
        "node-fetch": "~2.6.0"
      }
    },
    "google-polyline": {
      "version": "1.0.3",
      "resolved": "https://registry.npmjs.org/google-polyline/-/google-polyline-1.0.3.tgz",
      "integrity": "sha512-36BnqVxmVcR8lTvzO6aeXdICNChAwQLlfMkR1P9IBpTWE8hA6bAbQHCVArwMHB5WIMq9owywtAkjioe3crNq4Q=="
    },
    "gps-distance": {
      "version": "0.0.4",
      "resolved": "https://registry.npmjs.org/gps-distance/-/gps-distance-0.0.4.tgz",
      "integrity": "sha1-8LSoFyxmj97AZSkaSZm5YfGRbRA="
    },
    "hafas-client": {
      "version": "5.8.0",
      "resolved": "https://registry.npmjs.org/hafas-client/-/hafas-client-5.8.0.tgz",
      "integrity": "sha512-MmUZaNs035l7njtqrIW/R6tToHEw5VFhqv3hKwN8DpR48wXOAN0TqvzlPh6y0qquFRDU+vaBzBS0UvMmQzfzcg==",
      "requires": {
        "@derhuerst/br2nl": "^1.0.0",
        "capture-stack-trace": "^1.0.0",
        "create-hash": "^1.2.0",
        "fetch-ponyfill": "^6.0.0",
        "google-polyline": "^1.0.3",
        "gps-distance": "0.0.4",
        "lodash": "^4.17.5",
        "luxon": "^1.3.0",
        "object-scan": "^13.0.0",
        "p-retry": "^4.1.0",
        "p-throttle": "^3.1.0",
        "pinkie-promise": "^2.0.1",
        "qs": "^6.6.0",
        "slugg": "^1.2.0",
        "vbb-parse-line": "^1.0.0",
        "vbb-parse-ticket": "^0.2.1",
        "vbb-short-station-name": "^1.0.1",
        "vbb-stations": "^7.1.0",
        "vbb-translate-ids": "^4.0.0"
      }
    },
    "hash-base": {
      "version": "3.1.0",
      "resolved": "https://registry.npmjs.org/hash-base/-/hash-base-3.1.0.tgz",
      "integrity": "sha512-1nmYp/rhMDiE7AYkDw+lLwlAzz0AntGIe51F3RfFfEqyQ3feY2eI/NcwC6umIQVOASPMsWJLJScWKSSvzL9IVA==",
      "requires": {
        "inherits": "^2.0.4",
        "readable-stream": "^3.6.0",
        "safe-buffer": "^5.2.0"
      }
    },
    "inherits": {
      "version": "2.0.4",
      "resolved": "https://registry.npmjs.org/inherits/-/inherits-2.0.4.tgz",
      "integrity": "sha512-k/vGaX4/Yla3WzyMCvTQOXYeIHvqOKtnqBduzTHpzpQZzAskKMhZ2K+EnBiSM9zGSoIFeMpXKxa4dYeZIQqewQ=="
    },
    "lodash": {
      "version": "4.17.20",
      "resolved": "https://registry.npmjs.org/lodash/-/lodash-4.17.20.tgz",
      "integrity": "sha512-PlhdFcillOINfeV7Ni6oF1TAEayyZBoZ8bcshTHqOYJYlrqzRK5hagpagky5o4HfCzzd1TRkXPMFq6cKk9rGmA=="
    },
    "lodash.get": {
      "version": "4.4.2",
      "resolved": "https://registry.npmjs.org/lodash.get/-/lodash.get-4.4.2.tgz",
      "integrity": "sha1-LRd/ZS+jHpObRDjVNBSZ36OCXpk="
    },
    "luxon": {
      "version": "1.25.0",
      "resolved": "https://registry.npmjs.org/luxon/-/luxon-1.25.0.tgz",
      "integrity": "sha512-hEgLurSH8kQRjY6i4YLey+mcKVAWXbDNlZRmM6AgWDJ1cY3atl8Ztf5wEY7VBReFbmGnwQPz7KYJblL8B2k0jQ=="
    },
    "md5.js": {
      "version": "1.3.5",
      "resolved": "https://registry.npmjs.org/md5.js/-/md5.js-1.3.5.tgz",
      "integrity": "sha512-xitP+WxNPcTTOgnTJcrhM0xvdPepipPSf3I8EIpGKeFLjt3PlJLIDG3u8EX53ZIubkb+5U2+3rELYpEhHhzdkg==",
      "requires": {
        "hash-base": "^3.0.0",
        "inherits": "^2.0.1",
        "safe-buffer": "^5.1.2"
      }
    },
    "moment": {
      "version": "2.27.0",
      "resolved": "https://registry.npmjs.org/moment/-/moment-2.27.0.tgz",
      "integrity": "sha512-al0MUK7cpIcglMv3YF13qSgdAIqxHTO7brRtaz3DlSULbqfazqkc5kEjNrLDOM7fsjshoFIihnU8snrP7zUvhQ=="
    },
    "node-fetch": {
      "version": "2.6.1",
      "resolved": "https://registry.npmjs.org/node-fetch/-/node-fetch-2.6.1.tgz",
      "integrity": "sha512-V4aYg89jEoVRxRb2fJdAg8FHvI7cEyYdVAh94HH0UIK8oJxUfkjlDQN9RbMx+bEjP7+ggMiFRprSti032Oipxw=="
    },
    "object-scan": {
      "version": "13.1.6",
      "resolved": "https://registry.npmjs.org/object-scan/-/object-scan-13.1.6.tgz",
      "integrity": "sha512-11zDs+8YzbqrhsFEqsPfPS8MucHuph5bmu0HA6JL2BlDoauLe2yKFa7HrZG1rS/+vdQCBibivqA+nvE5hj5ahQ=="
    },
    "p-retry": {
      "version": "4.2.0",
      "resolved": "https://registry.npmjs.org/p-retry/-/p-retry-4.2.0.tgz",
      "integrity": "sha512-jPH38/MRh263KKcq0wBNOGFJbm+U6784RilTmHjB/HM9kH9V8WlCpVUcdOmip9cjXOh6MxZ5yk1z2SjDUJfWmA==",
      "requires": {
        "@types/retry": "^0.12.0",
        "retry": "^0.12.0"
      }
    },
    "p-throttle": {
      "version": "3.1.0",
      "resolved": "https://registry.npmjs.org/p-throttle/-/p-throttle-3.1.0.tgz",
      "integrity": "sha512-rLo81NXBihs3GJQhq89IXa0Egj/sbW1zW8/qnyadOwUhIUrZSUvyGdQ46ISRKELFBkVvmMJ4JUqWki4oAh30Qw=="
    },
    "pinkie": {
      "version": "2.0.4",
      "resolved": "https://registry.npmjs.org/pinkie/-/pinkie-2.0.4.tgz",
      "integrity": "sha1-clVrgM+g1IqXToDnckjoDtT3+HA="
    },
    "pinkie-promise": {
      "version": "2.0.1",
      "resolved": "https://registry.npmjs.org/pinkie-promise/-/pinkie-promise-2.0.1.tgz",
      "integrity": "sha1-ITXW36ejWMBprJsXh3YogihFD/o=",
      "requires": {
        "pinkie": "^2.0.0"
      }
    },
    "qs": {
      "version": "6.9.4",
      "resolved": "https://registry.npmjs.org/qs/-/qs-6.9.4.tgz",
      "integrity": "sha512-A1kFqHekCTM7cz0udomYUoYNWjBebHm/5wzU/XqrBRBNWectVH0QIiN+NEcZ0Dte5hvzHwbr8+XQmguPhJ6WdQ=="
    },
    "readable-stream": {
      "version": "3.6.0",
      "resolved": "https://registry.npmjs.org/readable-stream/-/readable-stream-3.6.0.tgz",
      "integrity": "sha512-BViHy7LKeTz4oNnkcLJ+lVSL6vpiFeX6/d3oSH8zCW7UxP2onchk+vTGB143xuFjHS3deTgkKoXXymXqymiIdA==",
      "requires": {
        "inherits": "^2.0.3",
        "string_decoder": "^1.1.1",
        "util-deprecate": "^1.0.1"
      }
    },
    "retry": {
      "version": "0.12.0",
      "resolved": "https://registry.npmjs.org/retry/-/retry-0.12.0.tgz",
      "integrity": "sha1-G0KmJmoh8HQh0bC1S33BZ7AcATs="
    },
    "ripemd160": {
      "version": "2.0.2",
      "resolved": "https://registry.npmjs.org/ripemd160/-/ripemd160-2.0.2.tgz",
      "integrity": "sha512-ii4iagi25WusVoiC4B4lq7pbXfAp3D9v5CwfkY33vffw2+pkDjY1D8GaN7spsxvCSx8dkPqOZCEZyfxcmJG2IA==",
      "requires": {
        "hash-base": "^3.0.0",
        "inherits": "^2.0.1"
      }
    },
    "safe-buffer": {
      "version": "5.2.1",
      "resolved": "https://registry.npmjs.org/safe-buffer/-/safe-buffer-5.2.1.tgz",
      "integrity": "sha512-rp3So07KcdmmKbGvgaNxQSJr7bGVSVk5S9Eq1F+ppbRo70+YeaDxkw5Dd8NPN+GD6bjnYm2VuPuCXmpuYvmCXQ=="
    },
    "sha.js": {
      "version": "2.4.11",
      "resolved": "https://registry.npmjs.org/sha.js/-/sha.js-2.4.11.tgz",
      "integrity": "sha512-QMEp5B7cftE7APOjk5Y6xgrbWu+WkLVQwk8JNjZ8nKRciZaByEW6MubieAiToS7+dwvrjGhH8jRXz3MVd0AYqQ==",
      "requires": {
        "inherits": "^2.0.1",
        "safe-buffer": "^5.0.1"
      }
    },
    "slugg": {
      "version": "1.2.1",
      "resolved": "https://registry.npmjs.org/slugg/-/slugg-1.2.1.tgz",
      "integrity": "sha1-51KvIkGvPycURjxd4iXOpHYIdAo="
    },
    "string_decoder": {
      "version": "1.3.0",
      "resolved": "https://registry.npmjs.org/string_decoder/-/string_decoder-1.3.0.tgz",
      "integrity": "sha512-hkRX8U1WjJFd8LsDJ2yQ/wWWxaopEsABU1XfkM8A+j0+85JAGppt16cr1Whg6KIbb4okU6Mql6BOj+uup/wKeA==",
      "requires": {
        "safe-buffer": "~5.2.0"
      }
    },
    "util-deprecate": {
      "version": "1.0.2",
      "resolved": "https://registry.npmjs.org/util-deprecate/-/util-deprecate-1.0.2.tgz",
      "integrity": "sha1-RQ1Nyfpw3nMnYvvS1KKJgUGaDM8="
    },
    "vbb-line-colors": {
      "version": "1.0.2",
      "resolved": "https://registry.npmjs.org/vbb-line-colors/-/vbb-line-colors-1.0.2.tgz",
      "integrity": "sha512-6mWWXkNjxmXM1Wkjycm45sGRneCCpjf311GjjMtzQTlj5jt8RArQ6UWT87fbebUMhoubPHYi8xVVLy4GqlJZ0w=="
    },
    "vbb-parse-line": {
      "version": "1.0.0",
      "resolved": "https://registry.npmjs.org/vbb-parse-line/-/vbb-parse-line-1.0.0.tgz",
      "integrity": "sha512-/xtFJAWmoulUD3kWX9kPQyn9tDMncuGu22Bfe1C1/Pwf/pJAGd7zKA1IpRf9rrdEP+AN1ECD6SHsGbNcqLbR5w=="
    },
    "vbb-parse-ticket": {
      "version": "0.2.1",
      "resolved": "https://registry.npmjs.org/vbb-parse-ticket/-/vbb-parse-ticket-0.2.1.tgz",
      "integrity": "sha512-Di1/AOrKGrGTBfdrZZXSCmq73E/RVuGys12BAFraHu5Swwj/TTXfvV8FrnHifCHEMoZIfLmH4avnF7xVa+46Sw=="
    },
    "vbb-short-station-name": {
      "version": "1.0.1",
      "resolved": "https://registry.npmjs.org/vbb-short-station-name/-/vbb-short-station-name-1.0.1.tgz",
      "integrity": "sha512-3pAW9RtwqTeQvTABYRJVkBNmbxkCBxrQyALNRkG+owiZUgt4yT3aH2ln25TV0EzEqZzgjVjcK1RwOyL/MMYz5w=="
    },
    "vbb-stations": {
      "version": "7.3.0",
      "resolved": "https://registry.npmjs.org/vbb-stations/-/vbb-stations-7.3.0.tgz",
      "integrity": "sha512-+OD0R6B5ebBv0REhqc4cWooSKgbz/XnWgT3RM4AxyElwa83WynN9dl+YjX5ch/sUL50jQvn0QC3xWcBJAlRSZg==",
      "requires": {
        "lodash.get": "^4.4.2"
      }
    },
    "vbb-translate-ids": {
      "version": "4.0.0",
      "resolved": "https://registry.npmjs.org/vbb-translate-ids/-/vbb-translate-ids-4.0.0.tgz",
      "integrity": "sha512-acc8aCheKRO10vEMIN7a/1chAkD30sW28MUkLbylOtCHD7aGOTGnB6ztGeszFER8qpx915pMyoWggGteF4vB3g=="
    }
  }
}
